<Solution>
  <Folder Name="/ExternalProjects/">
    <Project Path="../memquran-dashboard-api/src/MemQuranDashboard.Api/MemQuranDashboard.Api.csproj" />
    <Project Path="../memquran-dashboard-integrations/src/Integrations.Api/Integrations.Api.csproj" />
    <Project Path="../memquran-dashboard-integrations/src/Integrations.Sentry.Functions/Integrations.Sentry.Functions.csproj" />
  </Folder>
  <Folder Name="/Solution Items/">
    <File Path=".gitignore" />
    <File Path="LICENSE" />
    <File Path="README.md" />
  </Folder>
  <Project Path="src/MemQuranDashboard.AppHost/MemQuranDashboard.AppHost.csproj" />
  <Project Path="src/MemQuranDashboard.ServiceDefaults/MemQuranDashboard.ServiceDefaults.csproj" />
</Solution>
